
Microsoft Visual Studio Solution File, Format Version 12.00
# Visual Studio Version 16
VisualStudioVersion = 16.0.28803.202
MinimumVisualStudioVersion = 10.0.40219.1
Project("{9A19103F-16F7-4668-BE54-9A1E7A4F7556}") = "WheelOfFortune", "WheelOfFortune\WheelOfFortune.csproj", "{F930D713-1E28-4059-96CD-1D1F5CBA7F32}"
EndProject
Project("{FAE04EC0-301F-11D3-BF4B-00C04F79EFBC}") = "WheelOfFortuneTest", "WheelOfFortuneTest\WheelOfFortuneTest.csproj", "{56156888-9F05-4F4E-A91B-91D822AEE829}"
EndProject
Global
	GlobalSection(SolutionConfigurationPlatforms) = preSolution
		Debug|Any CPU = Debug|Any CPU
		Release|Any CPU = Release|Any CPU
	EndGlobalSection
	GlobalSection(ProjectConfigurationPlatforms) = postSolution
		{F930D713-1E28-4059-96CD-1D1F5CBA7F32}.Debug|Any CPU.ActiveCfg = Debug|Any CPU
		{F930D713-1E28-4059-96CD-1D1F5CBA7F32}.Debug|Any CPU.Build.0 = Debug|Any CPU
		{F930D713-1E28-4059-96CD-1D1F5CBA7F32}.Release|Any CPU.ActiveCfg = Release|Any CPU
		{F930D713-1E28-4059-96CD-1D1F5CBA7F32}.Release|Any CPU.Build.0 = Release|Any CPU
		{56156888-9F05-4F4E-A91B-91D822AEE829}.Debug|Any CPU.ActiveCfg = Debug|Any CPU
		{56156888-9F05-4F4E-A91B-91D822AEE829}.Debug|Any CPU.Build.0 = Debug|Any CPU
		{56156888-9F05-4F4E-A91B-91D822AEE829}.Release|Any CPU.ActiveCfg = Release|Any CPU
		{56156888-9F05-4F4E-A91B-91D822AEE829}.Release|Any CPU.Build.0 = Release|Any CPU
	EndGlobalSection
	GlobalSection(SolutionProperties) = preSolution
		HideSolutionNode = FALSE
	EndGlobalSection
	GlobalSection(ExtensibilityGlobals) = postSolution
		SolutionGuid = {7A75D3A8-3C44-46ED-A4F3-8F0F88F3318B}
	EndGlobalSection
EndGlobal
